{
  "object": {
    "pins": [
      {
        "package": "bocho",
        "repositoryURL": "https://github.com/yanagiba/bocho",
        "state": {
          "branch": null,
          "revision": "a02d4faf11539b121cc007210a0141478fa3d924",
          "version": null
        }
      }
    ]
  },
  "version": 1
}
